
Microsoft Visual Studio Solution File, Format Version 12.00
# Visual Studio Version 17
VisualStudioVersion = 17.6.33829.357
MinimumVisualStudioVersion = 10.0.40219.1
Project("{FAE04EC0-301F-11D3-BF4B-00C04F79EFBC}") = "ReportGenerationAPI", "ReportGenerationAPI\ReportGenerationAPI.csproj", "{9A2FC071-9C63-46B8-9D0F-96632A6BF3B0}"
EndProject
Global
	GlobalSection(SolutionConfigurationPlatforms) = preSolution
		Debug|Any CPU = Debug|Any CPU
		Release|Any CPU = Release|Any CPU
	EndGlobalSection
	GlobalSection(ProjectConfigurationPlatforms) = postSolution
		{9A2FC071-9C63-46B8-9D0F-96632A6BF3B0}.Debug|Any CPU.ActiveCfg = Debug|Any CPU
		{9A2FC071-9C63-46B8-9D0F-96632A6BF3B0}.Debug|Any CPU.Build.0 = Debug|Any CPU
		{9A2FC071-9C63-46B8-9D0F-96632A6BF3B0}.Release|Any CPU.ActiveCfg = Release|Any CPU
		{9A2FC071-9C63-46B8-9D0F-96632A6BF3B0}.Release|Any CPU.Build.0 = Release|Any CPU
	EndGlobalSection
	GlobalSection(SolutionProperties) = preSolution
		HideSolutionNode = FALSE
	EndGlobalSection
	GlobalSection(ExtensibilityGlobals) = postSolution
		SolutionGuid = {F252F45A-4DB6-43DF-88E4-D84B614E7232}
	EndGlobalSection
EndGlobal
